{
  "name": "react-app",
  "version": "0.0.1",
  "lockfileVersion": 1,
  "requires": true,
  "dependencies": {
    "clsx": {
      "version": "1.1.1",
      "resolved": "https://sofa.dns20.socgen/nexus/repository/npm-public/clsx/-/clsx-1.1.1.tgz",
      "integrity": "sha512-6/bPho624p3S2pMyvP5kKBPXnI3ufHLObBFCfgx+LkeR5lg2XYy2hqZqUf45ypD8COn2bhgGJSUE+l5dhNBieA=="
    },
    "hoist-non-react-statics": {
      "version": "3.3.2",
      "resolved": "https://sofa.dns20.socgen/nexus/repository/npm-public/hoist-non-react-statics/-/hoist-non-react-statics-3.3.2.tgz",
      "integrity": "sha512-/gGivxi8JPKWNm/W0jSmzcMPpfpPLc3dY/6GxhX2hQ9iGj3aDfklV4ET7NjKpSinLpJ5vafa9iiGIEZg10SfBw==",
      "requires": {
        "react-is": "^16.7.0"
      }
    },
    "notistack": {
      "version": "1.0.2",
      "resolved": "https://sofa.dns20.socgen/nexus/repository/npm-public/notistack/-/notistack-1.0.2.tgz",
      "integrity": "sha512-CWdh8JTpbdpy9TE7Bvc3fbY/BryWozpXoKVyU6VseouD9akZ0DJACghMJEoc1C3j3smH8CLf1UBvFXCxhESshg==",
      "requires": {
        "clsx": "^1.1.0",
        "hoist-non-react-statics": "^3.3.0"
      }
    },
    "react-is": {
      "version": "16.13.1",
      "resolved": "https://sofa.dns20.socgen/nexus/repository/npm-public/react-is/-/react-is-16.13.1.tgz",
      "integrity": "sha512-24e6ynE2H+OKt4kqsOvNd8kBpV65zoxbA4BVsEOB3ARVWQki/DHzaUoC5KuON/BiccDaCCTZBuOcfZs70kR8bQ=="
    }
  }
}
